
Microsoft Visual Studio Solution File, Format Version 12.00
# Visual Studio Version 16
VisualStudioVersion = 16.0.28803.352
MinimumVisualStudioVersion = 10.0.40219.1
Project("{FAE04EC0-301F-11D3-BF4B-00C04F79EFBC}") = "Fitness Time", "Fitness Time\Fitness Time.csproj", "{D769314C-249D-41F8-B434-ED48166C4A4B}"
EndProject
Global
	GlobalSection(SolutionConfigurationPlatforms) = preSolution
		Debug|Any CPU = Debug|Any CPU
		Release|Any CPU = Release|Any CPU
	EndGlobalSection
	GlobalSection(ProjectConfigurationPlatforms) = postSolution
		{D769314C-249D-41F8-B434-ED48166C4A4B}.Debug|Any CPU.ActiveCfg = Debug|Any CPU
		{D769314C-249D-41F8-B434-ED48166C4A4B}.Debug|Any CPU.Build.0 = Debug|Any CPU
		{D769314C-249D-41F8-B434-ED48166C4A4B}.Release|Any CPU.ActiveCfg = Release|Any CPU
		{D769314C-249D-41F8-B434-ED48166C4A4B}.Release|Any CPU.Build.0 = Release|Any CPU
	EndGlobalSection
	GlobalSection(SolutionProperties) = preSolution
		HideSolutionNode = FALSE
	EndGlobalSection
	GlobalSection(ExtensibilityGlobals) = postSolution
		SolutionGuid = {A699FE69-2338-46B3-B23D-CBA9634298B8}
	EndGlobalSection
EndGlobal
